{
    "_meta": {
        "hash": {
            "sha256": "c83c9e477196deb6e1aec8475bff2e0dd24dbbe1200235a48acb51770679bc64"
        },
        "host-environment-markers": {
            "implementation_name": "cpython",
            "implementation_version": "0",
            "os_name": "posix",
            "platform_machine": "x86_64",
            "platform_python_implementation": "CPython",
            "platform_release": "4.4.0-98-generic",
            "platform_system": "Linux",
            "platform_version": "#121-Ubuntu SMP Tue Oct 10 14:24:03 UTC 2017",
            "python_full_version": "2.7.12",
            "python_version": "2.7",
            "sys_platform": "linux2"
        },
        "pipfile-spec": 6,
        "requires": {},
        "sources": [
            {
                "name": "pypi",
                "url": "https://pypi.tuna.tsinghua.edu.cn/simple",
                "verify_ssl": true
            }
        ]
    },
    "default": {
        "certifi": {
            "hashes": [],
            "version": "==2018.4.16"
        },
        "chardet": {
            "hashes": [],
            "version": "==3.0.4"
        },
        "dnslib": {
            "hashes": [],
            "version": "==0.9.7"
        },
        "enum34": {
            "hashes": [],
            "version": "==1.1.6"
        },
        "idna": {
            "hashes": [],
            "version": "==2.6"
        },
        "ipy": {
            "hashes": [],
            "version": "==0.83"
        },
        "requests": {
            "hashes": [],
            "version": "==2.18.4"
        },
        "urllib3": {
            "hashes": [],
            "version": "==1.22"
        }
    },
    "develop": {}
}
